
Microsoft Visual Studio Solution File, Format Version 12.00
# Visual Studio Version 17
VisualStudioVersion = 17.7.34018.315
MinimumVisualStudioVersion = 10.0.40219.1
Project("{FAE04EC0-301F-11D3-BF4B-00C04F79EFBC}") = "ejemplo_9", "ejemplo_9\ejemplo_9.csproj", "{8A3181FB-DCF5-42A8-92AC-31AACEFDC7DE}"
EndProject
Global
	GlobalSection(SolutionConfigurationPlatforms) = preSolution
		Debug|Any CPU = Debug|Any CPU
		Release|Any CPU = Release|Any CPU
	EndGlobalSection
	GlobalSection(ProjectConfigurationPlatforms) = postSolution
		{8A3181FB-DCF5-42A8-92AC-31AACEFDC7DE}.Debug|Any CPU.ActiveCfg = Debug|Any CPU
		{8A3181FB-DCF5-42A8-92AC-31AACEFDC7DE}.Debug|Any CPU.Build.0 = Debug|Any CPU
		{8A3181FB-DCF5-42A8-92AC-31AACEFDC7DE}.Release|Any CPU.ActiveCfg = Release|Any CPU
		{8A3181FB-DCF5-42A8-92AC-31AACEFDC7DE}.Release|Any CPU.Build.0 = Release|Any CPU
	EndGlobalSection
	GlobalSection(SolutionProperties) = preSolution
		HideSolutionNode = FALSE
	EndGlobalSection
	GlobalSection(ExtensibilityGlobals) = postSolution
		SolutionGuid = {5B6A0621-01F8-4AD4-8A9D-EFED08AA42C1}
	EndGlobalSection
EndGlobal
